
Microsoft Visual Studio Solution File, Format Version 12.00
# Visual Studio Version 16
VisualStudioVersion = 16.0.30309.148
MinimumVisualStudioVersion = 10.0.40219.1
Project("{FAE04EC0-301F-11D3-BF4B-00C04F79EFBC}") = "FerryDemo", "FerryDemo.csproj", "{ADDB9BED-0834-404E-A4E6-C79E3BAE9CE3}"
EndProject
Global
	GlobalSection(SolutionConfigurationPlatforms) = preSolution
		Debug|Any CPU = Debug|Any CPU
		Release|Any CPU = Release|Any CPU
	EndGlobalSection
	GlobalSection(ProjectConfigurationPlatforms) = postSolution
		{ADDB9BED-0834-404E-A4E6-C79E3BAE9CE3}.Debug|Any CPU.ActiveCfg = Debug|Any CPU
		{ADDB9BED-0834-404E-A4E6-C79E3BAE9CE3}.Debug|Any CPU.Build.0 = Debug|Any CPU
		{ADDB9BED-0834-404E-A4E6-C79E3BAE9CE3}.Release|Any CPU.ActiveCfg = Release|Any CPU
		{ADDB9BED-0834-404E-A4E6-C79E3BAE9CE3}.Release|Any CPU.Build.0 = Release|Any CPU
	EndGlobalSection
	GlobalSection(SolutionProperties) = preSolution
		HideSolutionNode = FALSE
	EndGlobalSection
	GlobalSection(ExtensibilityGlobals) = postSolution
		SolutionGuid = {7F96303C-45D9-4A95-A598-19CA44327215}
	EndGlobalSection
EndGlobal
